
Microsoft Visual Studio Solution File, Format Version 12.00
# Visual Studio 15
VisualStudioVersion = 15.0.27703.2000
MinimumVisualStudioVersion = 10.0.40219.1
Project("{FAE04EC0-301F-11D3-BF4B-00C04F79EFBC}") = "WebFormCrud", "WebFormCrud\WebFormCrud.csproj", "{EAC0DD45-94ED-4B33-B455-B91DDD9FB32F}"
EndProject
Global
	GlobalSection(SolutionConfigurationPlatforms) = preSolution
		Debug|Any CPU = Debug|Any CPU
		Release|Any CPU = Release|Any CPU
	EndGlobalSection
	GlobalSection(ProjectConfigurationPlatforms) = postSolution
		{EAC0DD45-94ED-4B33-B455-B91DDD9FB32F}.Debug|Any CPU.ActiveCfg = Debug|Any CPU
		{EAC0DD45-94ED-4B33-B455-B91DDD9FB32F}.Debug|Any CPU.Build.0 = Debug|Any CPU
		{EAC0DD45-94ED-4B33-B455-B91DDD9FB32F}.Release|Any CPU.ActiveCfg = Release|Any CPU
		{EAC0DD45-94ED-4B33-B455-B91DDD9FB32F}.Release|Any CPU.Build.0 = Release|Any CPU
	EndGlobalSection
	GlobalSection(SolutionProperties) = preSolution
		HideSolutionNode = FALSE
	EndGlobalSection
	GlobalSection(ExtensibilityGlobals) = postSolution
		SolutionGuid = {DBBCA097-3D23-44C7-A9A3-3C1DDFC9B69B}
	EndGlobalSection
EndGlobal
